# This file is autogenerated, do not edit; changes may be undone by the next 'dep ensure'.


[[projects]]
  name = "github.com/aws/aws-sdk-go"
  packages = ["aws","aws/awserr","aws/credentials","aws/endpoints","internal/shareddefaults"]
  revision = "0bac5578f9a18b467487ee2dda67fedb328e9452"
  version = "v1.12.4"

[[projects]]
  name = "github.com/go-ini/ini"
  packages = ["."]
  revision = "20b96f641a5ea98f2f8619ff4f3e061cff4833bd"
  version = "v1.28.2"

[solve-meta]
  analyzer-name = "dep"
  analyzer-version = 1
  inputs-digest = "f7c541acce9db2e46139300612b1797c562e76d9af553635d29704e0e14e1b45"
  solver-name = "gps-cdcl"
  solver-version = 1
